[[package]]
name = "bitflags"
version = "0.9.1"
source = "registry+https://github.com/rust-lang/crates.io-index"

[[package]]
name = "cfg-if"
version = "0.1.5"
source = "registry+https://github.com/rust-lang/crates.io-index"

[[package]]
name = "getopts"
version = "0.2.18"
source = "registry+https://github.com/rust-lang/crates.io-index"
dependencies = [
 "unicode-width 0.1.5 (registry+https://github.com/rust-lang/crates.io-index)",
]

[[package]]
name = "itoa"
version = "0.4.3"
source = "registry+https://github.com/rust-lang/crates.io-index"

[[package]]
name = "lazy_static"
version = "1.1.0"
source = "registry+https://github.com/rust-lang/crates.io-index"
dependencies = [
 "version_check 0.1.5 (registry+https://github.com/rust-lang/crates.io-index)",
]

[[package]]
name = "log"
version = "0.4.5"
source = "registry+https://github.com/rust-lang/crates.io-index"
dependencies = [
 "cfg-if 0.1.5 (registry+https://github.com/rust-lang/crates.io-index)",
]

[[package]]
name = "mattermost-client-rust"
version = "0.1.0"
dependencies = [
 "pulldown-cmark 0.1.2 (registry+https://github.com/rust-lang/crates.io-index)",
 "wasm-bindgen 0.2.25 (registry+https://github.com/rust-lang/crates.io-index)",
]

[[package]]
name = "proc-macro2"
version = "0.4.19"
source = "registry+https://github.com/rust-lang/crates.io-index"
dependencies = [
 "unicode-xid 0.1.0 (registry+https://github.com/rust-lang/crates.io-index)",
]

[[package]]
name = "pulldown-cmark"
version = "0.1.2"
source = "registry+https://github.com/rust-lang/crates.io-index"
dependencies = [
 "bitflags 0.9.1 (registry+https://github.com/rust-lang/crates.io-index)",
 "getopts 0.2.18 (registry+https://github.com/rust-lang/crates.io-index)",
]

[[package]]
name = "quote"
version = "0.6.8"
source = "registry+https://github.com/rust-lang/crates.io-index"
dependencies = [
 "proc-macro2 0.4.19 (registry+https://github.com/rust-lang/crates.io-index)",
]

[[package]]
name = "ryu"
version = "0.2.6"
source = "registry+https://github.com/rust-lang/crates.io-index"

[[package]]
name = "serde"
version = "1.0.79"
source = "registry+https://github.com/rust-lang/crates.io-index"

[[package]]
name = "serde_derive"
version = "1.0.79"
source = "registry+https://github.com/rust-lang/crates.io-index"
dependencies = [
 "proc-macro2 0.4.19 (registry+https://github.com/rust-lang/crates.io-index)",
 "quote 0.6.8 (registry+https://github.com/rust-lang/crates.io-index)",
 "syn 0.15.6 (registry+https://github.com/rust-lang/crates.io-index)",
]

[[package]]
name = "serde_json"
version = "1.0.30"
source = "registry+https://github.com/rust-lang/crates.io-index"
dependencies = [
 "itoa 0.4.3 (registry+https://github.com/rust-lang/crates.io-index)",
 "ryu 0.2.6 (registry+https://github.com/rust-lang/crates.io-index)",
 "serde 1.0.79 (registry+https://github.com/rust-lang/crates.io-index)",
]

[[package]]
name = "syn"
version = "0.15.6"
source = "registry+https://github.com/rust-lang/crates.io-index"
dependencies = [
 "proc-macro2 0.4.19 (registry+https://github.com/rust-lang/crates.io-index)",
 "quote 0.6.8 (registry+https://github.com/rust-lang/crates.io-index)",
 "unicode-xid 0.1.0 (registry+https://github.com/rust-lang/crates.io-index)",
]

[[package]]
name = "unicode-width"
version = "0.1.5"
source = "registry+https://github.com/rust-lang/crates.io-index"

[[package]]
name = "unicode-xid"
version = "0.1.0"
source = "registry+https://github.com/rust-lang/crates.io-index"

[[package]]
name = "version_check"
version = "0.1.5"
source = "registry+https://github.com/rust-lang/crates.io-index"

[[package]]
name = "wasm-bindgen"
version = "0.2.25"
source = "registry+https://github.com/rust-lang/crates.io-index"
dependencies = [
 "wasm-bindgen-macro 0.2.25 (registry+https://github.com/rust-lang/crates.io-index)",
]

[[package]]
name = "wasm-bindgen-backend"
version = "0.2.25"
source = "registry+https://github.com/rust-lang/crates.io-index"
dependencies = [
 "lazy_static 1.1.0 (registry+https://github.com/rust-lang/crates.io-index)",
 "log 0.4.5 (registry+https://github.com/rust-lang/crates.io-index)",
 "proc-macro2 0.4.19 (registry+https://github.com/rust-lang/crates.io-index)",
 "quote 0.6.8 (registry+https://github.com/rust-lang/crates.io-index)",
 "serde_json 1.0.30 (registry+https://github.com/rust-lang/crates.io-index)",
 "syn 0.15.6 (registry+https://github.com/rust-lang/crates.io-index)",
 "wasm-bindgen-shared 0.2.25 (registry+https://github.com/rust-lang/crates.io-index)",
]

[[package]]
name = "wasm-bindgen-macro"
version = "0.2.25"
source = "registry+https://github.com/rust-lang/crates.io-index"
dependencies = [
 "quote 0.6.8 (registry+https://github.com/rust-lang/crates.io-index)",
 "wasm-bindgen-macro-support 0.2.25 (registry+https://github.com/rust-lang/crates.io-index)",
]

[[package]]
name = "wasm-bindgen-macro-support"
version = "0.2.25"
source = "registry+https://github.com/rust-lang/crates.io-index"
dependencies = [
 "proc-macro2 0.4.19 (registry+https://github.com/rust-lang/crates.io-index)",
 "quote 0.6.8 (registry+https://github.com/rust-lang/crates.io-index)",
 "syn 0.15.6 (registry+https://github.com/rust-lang/crates.io-index)",
 "wasm-bindgen-backend 0.2.25 (registry+https://github.com/rust-lang/crates.io-index)",
 "wasm-bindgen-shared 0.2.25 (registry+https://github.com/rust-lang/crates.io-index)",
]

[[package]]
name = "wasm-bindgen-shared"
version = "0.2.25"
source = "registry+https://github.com/rust-lang/crates.io-index"
dependencies = [
 "serde 1.0.79 (registry+https://github.com/rust-lang/crates.io-index)",
 "serde_derive 1.0.79 (registry+https://github.com/rust-lang/crates.io-index)",
]

[metadata]
"checksum bitflags 0.9.1 (registry+https://github.com/rust-lang/crates.io-index)" = "4efd02e230a02e18f92fc2735f44597385ed02ad8f831e7c1c1156ee5e1ab3a5"
"checksum cfg-if 0.1.5 (registry+https://github.com/rust-lang/crates.io-index)" = "0c4e7bb64a8ebb0d856483e1e682ea3422f883c5f5615a90d51a2c82fe87fdd3"
"checksum getopts 0.2.18 (registry+https://github.com/rust-lang/crates.io-index)" = "0a7292d30132fb5424b354f5dc02512a86e4c516fe544bb7a25e7f266951b797"
"checksum itoa 0.4.3 (registry+https://github.com/rust-lang/crates.io-index)" = "1306f3464951f30e30d12373d31c79fbd52d236e5e896fd92f96ec7babbbe60b"
"checksum lazy_static 1.1.0 (registry+https://github.com/rust-lang/crates.io-index)" = "ca488b89a5657b0a2ecd45b95609b3e848cf1755da332a0da46e2b2b1cb371a7"
"checksum log 0.4.5 (registry+https://github.com/rust-lang/crates.io-index)" = "d4fcce5fa49cc693c312001daf1d13411c4a5283796bac1084299ea3e567113f"
"checksum proc-macro2 0.4.19 (registry+https://github.com/rust-lang/crates.io-index)" = "ffe022fb8c8bd254524b0b3305906c1921fa37a84a644e29079a9e62200c3901"
"checksum pulldown-cmark 0.1.2 (registry+https://github.com/rust-lang/crates.io-index)" = "d6fdf85cda6cadfae5428a54661d431330b312bc767ddbc57adbedc24da66e32"
"checksum quote 0.6.8 (registry+https://github.com/rust-lang/crates.io-index)" = "dd636425967c33af890042c483632d33fa7a18f19ad1d7ea72e8998c6ef8dea5"
"checksum ryu 0.2.6 (registry+https://github.com/rust-lang/crates.io-index)" = "7153dd96dade874ab973e098cb62fcdbb89a03682e46b144fd09550998d4a4a7"
"checksum serde 1.0.79 (registry+https://github.com/rust-lang/crates.io-index)" = "84257ccd054dc351472528c8587b4de2dbf0dc0fe2e634030c1a90bfdacebaa9"
"checksum serde_derive 1.0.79 (registry+https://github.com/rust-lang/crates.io-index)" = "31569d901045afbff7a9479f793177fe9259819aff10ab4f89ef69bbc5f567fe"
"checksum serde_json 1.0.30 (registry+https://github.com/rust-lang/crates.io-index)" = "7f60a296fed15c3edbbe9aa83b646531459e565c525b0ab628deb1a4b28e4180"
"checksum syn 0.15.6 (registry+https://github.com/rust-lang/crates.io-index)" = "854b08a640fc8f54728fb95321e3ec485b365a97fe47609797c671addd1dde69"
"checksum unicode-width 0.1.5 (registry+https://github.com/rust-lang/crates.io-index)" = "882386231c45df4700b275c7ff55b6f3698780a650026380e72dabe76fa46526"
"checksum unicode-xid 0.1.0 (registry+https://github.com/rust-lang/crates.io-index)" = "fc72304796d0818e357ead4e000d19c9c174ab23dc11093ac919054d20a6a7fc"
"checksum version_check 0.1.5 (registry+https://github.com/rust-lang/crates.io-index)" = "914b1a6776c4c929a602fafd8bc742e06365d4bcbe48c30f9cca5824f70dc9dd"
"checksum wasm-bindgen 0.2.25 (registry+https://github.com/rust-lang/crates.io-index)" = "f311aadd18256d877892bec29178d70f5c19788ecbe6c48a9a7f2577b95dcc01"
"checksum wasm-bindgen-backend 0.2.25 (registry+https://github.com/rust-lang/crates.io-index)" = "0cb9404593b0eaca49dfd3637645c465242e267c0f3b2043c71a0c873cf9d03a"
"checksum wasm-bindgen-macro 0.2.25 (registry+https://github.com/rust-lang/crates.io-index)" = "4d41d4dad37cc64374a4026f4d7b4f513f83538c14e1633b6566dda5a5c099d9"
"checksum wasm-bindgen-macro-support 0.2.25 (registry+https://github.com/rust-lang/crates.io-index)" = "b6cf86d2aa910c060fbdb0396ce17cfb5f1a5bcae833bd195cf2b3911f152a90"
"checksum wasm-bindgen-shared 0.2.25 (registry+https://github.com/rust-lang/crates.io-index)" = "b719b78cb42bd6376de5efd85c991cb8e3fb0cef7adf01e56cec6d8cb9e20470"
